<?xml version="1.0" encoding="utf-8"?>
<Project ToolsVersion="4.0" xmlns="http://schemas.microsoft.com/developer/msbuild/2003">
  <ItemGroup>
    <Filter Include="Core">
      <UniqueIdentifier>{dbab15bd-fa00-4587-8dcb-3736cfd9e75b}</UniqueIdentifier>
    </Filter>
    <Filter Include="Core\Header">
      <UniqueIdentifier>{18266dd4-3feb-49c7-923b-c8eea6a94575}</UniqueIdentifier>
    </Filter>
    <Filter Include="Core\Source">
      <UniqueIdentifier>{c26252a3-63f1-4801-a991-abccb381f41c}</UniqueIdentifier>
    </Filter>
    <Filter Include="Main Files">
      <UniqueIdentifier>{4FC737F1-C7A5-4376-A066-2A32D752A2FF}</UniqueIdentifier>
      <Extensions>cpp;c;cc;cxx;def;odl;idl;hpj;bat;asm;asmx</Extensions>
    </Filter>
    <Filter Include="Graphic">
      <UniqueIdentifier>{11347b2e-ecc8-43e8-aa0e-26956a4a0ff6}</UniqueIdentifier>
    </Filter>
    <Filter Include="Graphic\Shader">
      <UniqueIdentifier>{83a34628-eac2-4deb-aed8-63000798102b}</UniqueIdentifier>
    </Filter>
    <Filter Include="Math">
      <UniqueIdentifier>{2f30645c-3f7e-40ef-8766-3fb95f384706}</UniqueIdentifier>
    </Filter>
    <Filter Include="Fractal">
      <UniqueIdentifier>{6e704cd0-5f3b-4ed9-874e-74ff1cd9b99a}</UniqueIdentifier>
    </Filter>
  </ItemGroup>
  <ItemGroup>
    <ClCompile Include="main.cpp">
      <Filter>Main Files</Filter>
    </ClCompile>
    <ClCompile Include="CoreMsg.cpp">
      <Filter>Core\Source</Filter>
    </ClCompile>
    <ClCompile Include="CoreWindow.cpp">
      <Filter>Core\Source</Filter>
    </ClCompile>
    <ClCompile Include="DxInit.cpp">
      <Filter>Graphic</Filter>
    </ClCompile>
    <ClCompile Include="DxVarInit.cpp">
      <Filter>Graphic</Filter>
    </ClCompile>
    <ClCompile Include="DxDestroy.cpp">
      <Filter>Graphic</Filter>
    </ClCompile>
    <ClCompile Include="DxLoop.cpp">
      <Filter>Graphic</Filter>
    </ClCompile>
    <ClCompile Include="DxResize.cpp">
      <Filter>Graphic</Filter>
    </ClCompile>
    <ClCompile Include="DxInput.cpp">
      <Filter>Graphic</Filter>
    </ClCompile>
    <ClCompile Include="FracOperator.cpp">
      <Filter>Fractal</Filter>
    </ClCompile>
    <ClCompile Include="FracPlaneFold.cpp">
      <Filter>Fractal</Filter>
    </ClCompile>
    <ClCompile Include="CoreString.cpp">
      <Filter>Core\Source</Filter>
    </ClCompile>
    <ClCompile Include="DxCompileFractal.cpp">
      <Filter>Graphic\Shader</Filter>
    </ClCompile>
    <ClCompile Include="FracRotation.cpp">
      <Filter>Fractal</Filter>
    </ClCompile>
    <ClCompile Include="FracBoxFold.cpp">
      <Filter>Fractal</Filter>
    </ClCompile>
    <ClCompile Include="FracSphereFold.cpp">
      <Filter>Fractal</Filter>
    </ClCompile>
    <ClCompile Include="FracCylinderFold.cpp">
      <Filter>Fractal</Filter>
    </ClCompile>
  </ItemGroup>
  <ItemGroup>
    <ClInclude Include="CoreMsg.h">
      <Filter>Core\Header</Filter>
    </ClInclude>
    <ClInclude Include="CoreWindow.h">
      <Filter>Core\Header</Filter>
    </ClInclude>
    <ClInclude Include="CoreMacros.h">
      <Filter>Core\Header</Filter>
    </ClInclude>
    <ClInclude Include="CoreEvents.h">
      <Filter>Core\Header</Filter>
    </ClInclude>
    <ClInclude Include="DxPipeline.h">
      <Filter>Graphic</Filter>
    </ClInclude>
    <ClInclude Include="GraphicMacros.h">
      <Filter>Graphic</Filter>
    </ClInclude>
    <ClInclude Include="glm.h">
      <Filter>Math</Filter>
    </ClInclude>
    <ClInclude Include="FracOperator.h">
      <Filter>Fractal</Filter>
    </ClInclude>
    <ClInclude Include="FracPlaneFold.h">
      <Filter>Fractal</Filter>
    </ClInclude>
    <ClInclude Include="CoreString.h">
      <Filter>Core\Header</Filter>
    </ClInclude>
    <ClInclude Include="DxCompileFractal.h">
      <Filter>Graphic\Shader</Filter>
    </ClInclude>
    <ClInclude Include="FracRotation.h">
      <Filter>Fractal</Filter>
    </ClInclude>
    <ClInclude Include="FracBoxFold.h">
      <Filter>Fractal</Filter>
    </ClInclude>
    <ClInclude Include="FracSphereFold.h">
      <Filter>Fractal</Filter>
    </ClInclude>
    <ClInclude Include="FracCylinderFold.h">
      <Filter>Fractal</Filter>
    </ClInclude>
  </ItemGroup>
  <ItemGroup>
    <FxCompile Include="FullScreen.hlsl">
      <Filter>Graphic\Shader</Filter>
    </FxCompile>
    <FxCompile Include="ComputeShader.hlsl">
      <Filter>Graphic\Shader</Filter>
    </FxCompile>
  </ItemGroup>
</Project>